
Microsoft Visual Studio Solution File, Format Version 12.00
# Visual Studio Version 17
VisualStudioVersion = 17.0.31903.59
MinimumVisualStudioVersion = 10.0.40219.1
Project("{2150E333-8FDC-42A3-9474-1A3956D46DE8}") = "src", "src", "{827E0CD3-B72D-47B6-A68D-7590B98EB39B}"
EndProject
Project("{FAE04EC0-301F-11D3-BF4B-00C04F79EFBC}") = "SteelConveyorWar.Core", "src\SteelConveyorWar.Core\SteelConveyorWar.Core.csproj", "{6205EFAE-2B82-40C4-8F3E-CE7CCDEECC3D}"
EndProject
Project("{FAE04EC0-301F-11D3-BF4B-00C04F79EFBC}") = "SteelConveyorWar.Sfml", "src\SteelConveyorWar.Sfml\SteelConveyorWar.Sfml.csproj", "{38BEEDDB-C9CE-4102-BACC-9B289F49B893}"
EndProject
Project("{FAE04EC0-301F-11D3-BF4B-00C04F79EFBC}") = "SteelConveyorWar.Client", "src\SteelConveyorWar.Client\SteelConveyorWar.Client.csproj", "{B8EF0360-9F3B-4409-A14A-83FDF5D8F507}"
EndProject
Project("{2150E333-8FDC-42A3-9474-1A3956D46DE8}") = "tests", "tests", "{0AB3BF05-4346-4AA6-1389-037BE0695223}"
EndProject
Project("{FAE04EC0-301F-11D3-BF4B-00C04F79EFBC}") = "SteelConveyorWar.Core.Tests", "tests\SteelConveyorWar.Core.Tests\SteelConveyorWar.Core.Tests.csproj", "{2147C75E-C459-4D72-947B-39A5A6BD129F}"
EndProject
Project("{FAE04EC0-301F-11D3-BF4B-00C04F79EFBC}") = "SteelConveyorWar.Sfml.Tests", "tests\SteelConveyorWar.Sfml.Tests\SteelConveyorWar.Sfml.Tests.csproj", "{A1B2C3D4-E5F6-7890-ABCD-EF1234567890}"
EndProject
Project("{FAE04EC0-301F-11D3-BF4B-00C04F79EFBC}") = "SteelConveyorWar.Headless", "src\SteelConveyorWar.Headless\SteelConveyorWar.Headless.csproj", "{9D46F0FE-98E2-4568-BE6A-C7506B7638EB}"
EndProject
Global
	GlobalSection(SolutionConfigurationPlatforms) = preSolution
		Debug|Any CPU = Debug|Any CPU
		Debug|x64 = Debug|x64
		Debug|x86 = Debug|x86
		Release|Any CPU = Release|Any CPU
		Release|x64 = Release|x64
		Release|x86 = Release|x86
	EndGlobalSection
	GlobalSection(ProjectConfigurationPlatforms) = postSolution
		{6205EFAE-2B82-40C4-8F3E-CE7CCDEECC3D}.Debug|Any CPU.ActiveCfg = Debug|Any CPU
		{6205EFAE-2B82-40C4-8F3E-CE7CCDEECC3D}.Debug|Any CPU.Build.0 = Debug|Any CPU
		{6205EFAE-2B82-40C4-8F3E-CE7CCDEECC3D}.Debug|x64.ActiveCfg = Debug|Any CPU
		{6205EFAE-2B82-40C4-8F3E-CE7CCDEECC3D}.Debug|x64.Build.0 = Debug|Any CPU
		{6205EFAE-2B82-40C4-8F3E-CE7CCDEECC3D}.Debug|x86.ActiveCfg = Debug|Any CPU
		{6205EFAE-2B82-40C4-8F3E-CE7CCDEECC3D}.Debug|x86.Build.0 = Debug|Any CPU
		{6205EFAE-2B82-40C4-8F3E-CE7CCDEECC3D}.Release|Any CPU.ActiveCfg = Release|Any CPU
		{6205EFAE-2B82-40C4-8F3E-CE7CCDEECC3D}.Release|Any CPU.Build.0 = Release|Any CPU
		{6205EFAE-2B82-40C4-8F3E-CE7CCDEECC3D}.Release|x64.ActiveCfg = Release|Any CPU
		{6205EFAE-2B82-40C4-8F3E-CE7CCDEECC3D}.Release|x64.Build.0 = Release|Any CPU
		{6205EFAE-2B82-40C4-8F3E-CE7CCDEECC3D}.Release|x86.ActiveCfg = Release|Any CPU
		{6205EFAE-2B82-40C4-8F3E-CE7CCDEECC3D}.Release|x86.Build.0 = Release|Any CPU
		{38BEEDDB-C9CE-4102-BACC-9B289F49B893}.Debug|Any CPU.ActiveCfg = Debug|Any CPU
		{38BEEDDB-C9CE-4102-BACC-9B289F49B893}.Debug|Any CPU.Build.0 = Debug|Any CPU
		{38BEEDDB-C9CE-4102-BACC-9B289F49B893}.Debug|x64.ActiveCfg = Debug|Any CPU
		{38BEEDDB-C9CE-4102-BACC-9B289F49B893}.Debug|x64.Build.0 = Debug|Any CPU
		{38BEEDDB-C9CE-4102-BACC-9B289F49B893}.Debug|x86.ActiveCfg = Debug|Any CPU
		{38BEEDDB-C9CE-4102-BACC-9B289F49B893}.Debug|x86.Build.0 = Debug|Any CPU
		{38BEEDDB-C9CE-4102-BACC-9B289F49B893}.Release|Any CPU.ActiveCfg = Release|Any CPU
		{38BEEDDB-C9CE-4102-BACC-9B289F49B893}.Release|Any CPU.Build.0 = Release|Any CPU
		{38BEEDDB-C9CE-4102-BACC-9B289F49B893}.Release|x64.ActiveCfg = Release|Any CPU
		{38BEEDDB-C9CE-4102-BACC-9B289F49B893}.Release|x64.Build.0 = Release|Any CPU
		{38BEEDDB-C9CE-4102-BACC-9B289F49B893}.Release|x86.ActiveCfg = Release|Any CPU
		{38BEEDDB-C9CE-4102-BACC-9B289F49B893}.Release|x86.Build.0 = Release|Any CPU
		{B8EF0360-9F3B-4409-A14A-83FDF5D8F507}.Debug|Any CPU.ActiveCfg = Debug|Any CPU
		{B8EF0360-9F3B-4409-A14A-83FDF5D8F507}.Debug|Any CPU.Build.0 = Debug|Any CPU
		{B8EF0360-9F3B-4409-A14A-83FDF5D8F507}.Debug|x64.ActiveCfg = Debug|Any CPU
		{B8EF0360-9F3B-4409-A14A-83FDF5D8F507}.Debug|x64.Build.0 = Debug|Any CPU
		{B8EF0360-9F3B-4409-A14A-83FDF5D8F507}.Debug|x86.ActiveCfg = Debug|Any CPU
		{B8EF0360-9F3B-4409-A14A-83FDF5D8F507}.Debug|x86.Build.0 = Debug|Any CPU
		{B8EF0360-9F3B-4409-A14A-83FDF5D8F507}.Release|Any CPU.ActiveCfg = Release|Any CPU
		{B8EF0360-9F3B-4409-A14A-83FDF5D8F507}.Release|Any CPU.Build.0 = Release|Any CPU
		{B8EF0360-9F3B-4409-A14A-83FDF5D8F507}.Release|x64.ActiveCfg = Release|Any CPU
		{B8EF0360-9F3B-4409-A14A-83FDF5D8F507}.Release|x64.Build.0 = Release|Any CPU
		{B8EF0360-9F3B-4409-A14A-83FDF5D8F507}.Release|x86.ActiveCfg = Release|Any CPU
		{B8EF0360-9F3B-4409-A14A-83FDF5D8F507}.Release|x86.Build.0 = Release|Any CPU
		{2147C75E-C459-4D72-947B-39A5A6BD129F}.Debug|Any CPU.ActiveCfg = Debug|Any CPU
		{2147C75E-C459-4D72-947B-39A5A6BD129F}.Debug|Any CPU.Build.0 = Debug|Any CPU
		{2147C75E-C459-4D72-947B-39A5A6BD129F}.Debug|x64.ActiveCfg = Debug|Any CPU
		{2147C75E-C459-4D72-947B-39A5A6BD129F}.Debug|x64.Build.0 = Debug|Any CPU
		{2147C75E-C459-4D72-947B-39A5A6BD129F}.Debug|x86.ActiveCfg = Debug|Any CPU
		{2147C75E-C459-4D72-947B-39A5A6BD129F}.Debug|x86.Build.0 = Debug|Any CPU
		{2147C75E-C459-4D72-947B-39A5A6BD129F}.Release|Any CPU.ActiveCfg = Release|Any CPU
		{2147C75E-C459-4D72-947B-39A5A6BD129F}.Release|Any CPU.Build.0 = Release|Any CPU
		{2147C75E-C459-4D72-947B-39A5A6BD129F}.Release|x64.ActiveCfg = Release|Any CPU
		{2147C75E-C459-4D72-947B-39A5A6BD129F}.Release|x64.Build.0 = Release|Any CPU
		{2147C75E-C459-4D72-947B-39A5A6BD129F}.Release|x86.ActiveCfg = Release|Any CPU
		{2147C75E-C459-4D72-947B-39A5A6BD129F}.Release|x86.Build.0 = Release|Any CPU
		{A1B2C3D4-E5F6-7890-ABCD-EF1234567890}.Debug|Any CPU.ActiveCfg = Debug|Any CPU
		{A1B2C3D4-E5F6-7890-ABCD-EF1234567890}.Debug|Any CPU.Build.0 = Debug|Any CPU
		{A1B2C3D4-E5F6-7890-ABCD-EF1234567890}.Debug|x64.ActiveCfg = Debug|Any CPU
		{A1B2C3D4-E5F6-7890-ABCD-EF1234567890}.Debug|x64.Build.0 = Debug|Any CPU
		{A1B2C3D4-E5F6-7890-ABCD-EF1234567890}.Debug|x86.ActiveCfg = Debug|Any CPU
		{A1B2C3D4-E5F6-7890-ABCD-EF1234567890}.Debug|x86.Build.0 = Debug|Any CPU
		{A1B2C3D4-E5F6-7890-ABCD-EF1234567890}.Release|Any CPU.ActiveCfg = Release|Any CPU
		{A1B2C3D4-E5F6-7890-ABCD-EF1234567890}.Release|Any CPU.Build.0 = Release|Any CPU
		{A1B2C3D4-E5F6-7890-ABCD-EF1234567890}.Release|x64.ActiveCfg = Release|Any CPU
		{A1B2C3D4-E5F6-7890-ABCD-EF1234567890}.Release|x64.Build.0 = Release|Any CPU
		{A1B2C3D4-E5F6-7890-ABCD-EF1234567890}.Release|x86.ActiveCfg = Release|Any CPU
		{A1B2C3D4-E5F6-7890-ABCD-EF1234567890}.Release|x86.Build.0 = Release|Any CPU
		{9D46F0FE-98E2-4568-BE6A-C7506B7638EB}.Debug|Any CPU.ActiveCfg = Debug|Any CPU
		{9D46F0FE-98E2-4568-BE6A-C7506B7638EB}.Debug|Any CPU.Build.0 = Debug|Any CPU
		{9D46F0FE-98E2-4568-BE6A-C7506B7638EB}.Debug|x64.ActiveCfg = Debug|Any CPU
		{9D46F0FE-98E2-4568-BE6A-C7506B7638EB}.Debug|x64.Build.0 = Debug|Any CPU
		{9D46F0FE-98E2-4568-BE6A-C7506B7638EB}.Debug|x86.ActiveCfg = Debug|Any CPU
		{9D46F0FE-98E2-4568-BE6A-C7506B7638EB}.Debug|x86.Build.0 = Debug|Any CPU
		{9D46F0FE-98E2-4568-BE6A-C7506B7638EB}.Release|Any CPU.ActiveCfg = Release|Any CPU
		{9D46F0FE-98E2-4568-BE6A-C7506B7638EB}.Release|Any CPU.Build.0 = Release|Any CPU
		{9D46F0FE-98E2-4568-BE6A-C7506B7638EB}.Release|x64.ActiveCfg = Release|Any CPU
		{9D46F0FE-98E2-4568-BE6A-C7506B7638EB}.Release|x64.Build.0 = Release|Any CPU
		{9D46F0FE-98E2-4568-BE6A-C7506B7638EB}.Release|x86.ActiveCfg = Release|Any CPU
		{9D46F0FE-98E2-4568-BE6A-C7506B7638EB}.Release|x86.Build.0 = Release|Any CPU
	EndGlobalSection
	GlobalSection(SolutionProperties) = preSolution
		HideSolutionNode = FALSE
	EndGlobalSection
	GlobalSection(NestedProjects) = preSolution
		{6205EFAE-2B82-40C4-8F3E-CE7CCDEECC3D} = {827E0CD3-B72D-47B6-A68D-7590B98EB39B}
		{38BEEDDB-C9CE-4102-BACC-9B289F49B893} = {827E0CD3-B72D-47B6-A68D-7590B98EB39B}
		{B8EF0360-9F3B-4409-A14A-83FDF5D8F507} = {827E0CD3-B72D-47B6-A68D-7590B98EB39B}
		{2147C75E-C459-4D72-947B-39A5A6BD129F} = {0AB3BF05-4346-4AA6-1389-037BE0695223}
		{A1B2C3D4-E5F6-7890-ABCD-EF1234567890} = {0AB3BF05-4346-4AA6-1389-037BE0695223}
		{9D46F0FE-98E2-4568-BE6A-C7506B7638EB} = {827E0CD3-B72D-47B6-A68D-7590B98EB39B}
	EndGlobalSection
EndGlobal
